
Microsoft Visual Studio Solution File, Format Version 10.00
# Visual Studio 2008
Project("{FAE04EC0-301F-11D3-BF4B-00C04F79EFBC}") = "Ext.Net.MVC", "Ext.Net.MVC\Ext.Net.MVC.csproj", "{462B09D2-0249-4655-AD21-269A5AD68556}"
EndProject
Global
	GlobalSection(SolutionConfigurationPlatforms) = preSolution
		Debug|Any CPU = Debug|Any CPU
		Release|Any CPU = Release|Any CPU
	EndGlobalSection
	GlobalSection(ProjectConfigurationPlatforms) = postSolution
		{462B09D2-0249-4655-AD21-269A5AD68556}.Debug|Any CPU.ActiveCfg = Debug|Any CPU
		{462B09D2-0249-4655-AD21-269A5AD68556}.Debug|Any CPU.Build.0 = Debug|Any CPU
		{462B09D2-0249-4655-AD21-269A5AD68556}.Release|Any CPU.ActiveCfg = Release|Any CPU
		{462B09D2-0249-4655-AD21-269A5AD68556}.Release|Any CPU.Build.0 = Release|Any CPU
	EndGlobalSection
	GlobalSection(SolutionProperties) = preSolution
		HideSolutionNode = FALSE
	EndGlobalSection
EndGlobal
